// !$*UTF8*$!
{
	archiveVersion = 1;
	classes = {
	};
	objectVersion = 45;
	objects = {

/* Begin PBXBuildFile section */
		8DC2EF570486A6940098B216 /* Cocoa.framework in Frameworks */ = {isa = PBXBuildFile; fileRef = 1058C7B1FEA5585E11CA2CBB /* Cocoa.framework */; };
		EE05F8550FCE35A700DFB1F1 /* TBTalkingBook.h in Headers */ = {isa = PBXBuildFile; fileRef = EE05F8530FCE35A700DFB1F1 /* TBTalkingBook.h */; settings = {ATTRIBUTES = (Public, ); }; };
		EE05F8560FCE35A700DFB1F1 /* TBTalkingBook.m in Sources */ = {isa = PBXBuildFile; fileRef = EE05F8540FCE35A700DFB1F1 /* TBTalkingBook.m */; };
		EE05F8890FCE439000DFB1F1 /* TBBookData.h in Headers */ = {isa = PBXBuildFile; fileRef = EE05F8860FCE439000DFB1F1 /* TBBookData.h */; settings = {ATTRIBUTES = (Public, ); }; };
		EE05F88B0FCE439000DFB1F1 /* TBPluginInterface.h in Headers */ = {isa = PBXBuildFile; fileRef = EE05F8880FCE439000DFB1F1 /* TBPluginInterface.h */; settings = {ATTRIBUTES = (Public, ); }; };
		EE1A700110167F8C0001BEDB /* TBBookInfo.nib in Resources */ = {isa = PBXBuildFile; fileRef = EE1A700010167F8C0001BEDB /* TBBookInfo.nib */; };
		EE307618104B5D3B005DA7DC /* QTKit.framework in Frameworks */ = {isa = PBXBuildFile; fileRef = EE307617104B5D3B005DA7DC /* QTKit.framework */; };
		EE7270A91013EE5A00FBF671 /* TBTextWindow.xib in Resources */ = {isa = PBXBuildFile; fileRef = EEEE9E490FF79AA0001822EA /* TBTextWindow.xib */; };
		EE8BA987100198E3000E242F /* Localizable.strings in Resources */ = {isa = PBXBuildFile; fileRef = EE8BA986100198E3000E242F /* Localizable.strings */; };
		EED2CD1710167909002AC50A /* InfoPlist.strings in Resources */ = {isa = PBXBuildFile; fileRef = 089C1667FE841158C02AAC07 /* InfoPlist.strings */; };
		EEDC6D50104CFB9000380583 /* TBBookData.m in Sources */ = {isa = PBXBuildFile; fileRef = EEDC6D4F104CFB9000380583 /* TBBookData.m */; };
/* End PBXBuildFile section */

/* Begin PBXFileReference section */
		089C1667FE841158C02AAC07 /* InfoPlist.strings */ = {isa = PBXFileReference; fileEncoding = 10; lastKnownFileType = text.plist.strings; path = InfoPlist.strings; sourceTree = "<group>"; };
		1058C7B1FEA5585E11CA2CBB /* Cocoa.framework */ = {isa = PBXFileReference; lastKnownFileType = wrapper.framework; name = Cocoa.framework; path = /System/Library/Frameworks/Cocoa.framework; sourceTree = "<absolute>"; };
		32DBCF5E0370ADEE00C91783 /* TalkingBook_Prefix.pch */ = {isa = PBXFileReference; fileEncoding = 4; lastKnownFileType = sourcecode.c.h; path = TalkingBook_Prefix.pch; sourceTree = "<group>"; };
		8DC2EF5A0486A6940098B216 /* Info.plist */ = {isa = PBXFileReference; fileEncoding = 4; lastKnownFileType = text.plist.xml; path = Info.plist; sourceTree = "<group>"; };
		EE05F8530FCE35A700DFB1F1 /* TBTalkingBook.h */ = {isa = PBXFileReference; fileEncoding = 4; lastKnownFileType = sourcecode.c.h; path = TBTalkingBook.h; sourceTree = "<group>"; };
		EE05F8540FCE35A700DFB1F1 /* TBTalkingBook.m */ = {isa = PBXFileReference; fileEncoding = 4; lastKnownFileType = sourcecode.c.objc; path = TBTalkingBook.m; sourceTree = "<group>"; };
		EE05F8680FCE389500DFB1F1 /* English */ = {isa = PBXFileReference; lastKnownFileType = wrapper.nib; name = English; path = English.lproj/TBBookInfo.nib; sourceTree = "<group>"; };
		EE05F8860FCE439000DFB1F1 /* TBBookData.h */ = {isa = PBXFileReference; fileEncoding = 4; lastKnownFileType = sourcecode.c.h; path = TBBookData.h; sourceTree = "<group>"; };
		EE05F8880FCE439000DFB1F1 /* TBPluginInterface.h */ = {isa = PBXFileReference; fileEncoding = 4; lastKnownFileType = sourcecode.c.h; name = TBPluginInterface.h; path = ../TBPluginInterface.h; sourceTree = SOURCE_ROOT; };
		EE155504104B693000A20F90 /* TalkingBook.framework */ = {isa = PBXFileReference; explicitFileType = wrapper.framework; includeInIndex = 0; path = TalkingBook.framework; sourceTree = BUILT_PRODUCTS_DIR; };
		EE1A700210167F980001BEDB /* French */ = {isa = PBXFileReference; lastKnownFileType = wrapper.nib; name = French; path = French.lproj/TBBookInfo.nib; sourceTree = "<group>"; };
		EE1A700310167F9D0001BEDB /* no */ = {isa = PBXFileReference; lastKnownFileType = wrapper.nib; name = no; path = no.lproj/TBBookInfo.nib; sourceTree = "<group>"; };
		EE307617104B5D3B005DA7DC /* QTKit.framework */ = {isa = PBXFileReference; lastKnownFileType = wrapper.framework; name = QTKit.framework; path = System/Library/Frameworks/QTKit.framework; sourceTree = SDKROOT; };
		EE5AB99E0FCF909E00D4C4B8 /* QTKit.framework */ = {isa = PBXFileReference; lastKnownFileType = wrapper.framework; name = QTKit.framework; path = /System/Library/Frameworks/QTKit.framework; sourceTree = "<absolute>"; };
		EE7270AA1013EE6E00FBF671 /* French */ = {isa = PBXFileReference; lastKnownFileType = text.plist.strings; name = French; path = French.lproj/Localizable.strings; sourceTree = "<group>"; };
		EE7270AB1013EE7200FBF671 /* no */ = {isa = PBXFileReference; lastKnownFileType = text.plist.strings; name = no; path = no.lproj/Localizable.strings; sourceTree = "<group>"; };
		EE8BA984100198D6000E242F /* English */ = {isa = PBXFileReference; fileEncoding = 10; lastKnownFileType = text.plist.strings; name = English; path = English.lproj/Localizable.strings; sourceTree = "<group>"; };
		EEDC6D4F104CFB9000380583 /* TBBookData.m */ = {isa = PBXFileReference; fileEncoding = 4; lastKnownFileType = sourcecode.c.objc; path = TBBookData.m; sourceTree = "<group>"; };
		EEEE9E490FF79AA0001822EA /* TBTextWindow.xib */ = {isa = PBXFileReference; lastKnownFileType = file.xib; path = TBTextWindow.xib; sourceTree = "<group>"; };
/* End PBXFileReference section */

/* Begin PBXFrameworksBuildPhase section */
		8DC2EF560486A6940098B216 /* Frameworks */ = {
			isa = PBXFrameworksBuildPhase;
			buildActionMask = 2147483647;
			files = (
				8DC2EF570486A6940098B216 /* Cocoa.framework in Frameworks */,
				EE307618104B5D3B005DA7DC /* QTKit.framework in Frameworks */,
			);
			runOnlyForDeploymentPostprocessing = 0;
		};
/* End PBXFrameworksBuildPhase section */

/* Begin PBXGroup section */
		034768DFFF38A50411DB9C8B /* Products */ = {
			isa = PBXGroup;
			children = (
				EE155504104B693000A20F90 /* TalkingBook.framework */,
			);
			name = Products;
			sourceTree = "<group>";
		};
		0867D691FE84028FC02AAC07 /* TalkingBook */ = {
			isa = PBXGroup;
			children = (
				08FB77AEFE84172EC02AAC07 /* Classes */,
				32C88DFF0371C24200C91783 /* Other Sources */,
				089C1665FE841158C02AAC07 /* Resources */,
				0867D69AFE84028FC02AAC07 /* External Frameworks and Libraries */,
				034768DFFF38A50411DB9C8B /* Products */,
				EE307617104B5D3B005DA7DC /* QTKit.framework */,
			);
			name = TalkingBook;
			sourceTree = "<group>";
		};
		0867D69AFE84028FC02AAC07 /* External Frameworks and Libraries */ = {
			isa = PBXGroup;
			children = (
				1058C7B0FEA5585E11CA2CBB /* Linked Frameworks */,
				1058C7B2FEA5585E11CA2CBB /* Other Frameworks */,
			);
			name = "External Frameworks and Libraries";
			sourceTree = "<group>";
		};
		089C1665FE841158C02AAC07 /* Resources */ = {
			isa = PBXGroup;
			children = (
				EE8BA986100198E3000E242F /* Localizable.strings */,
				EEEE9E490FF79AA0001822EA /* TBTextWindow.xib */,
				EE1A700010167F8C0001BEDB /* TBBookInfo.nib */,
				8DC2EF5A0486A6940098B216 /* Info.plist */,
				089C1667FE841158C02AAC07 /* InfoPlist.strings */,
			);
			path = Resources;
			sourceTree = "<group>";
		};
		08FB77AEFE84172EC02AAC07 /* Classes */ = {
			isa = PBXGroup;
			children = (
				EEDC6D4F104CFB9000380583 /* TBBookData.m */,
				EE05F8530FCE35A700DFB1F1 /* TBTalkingBook.h */,
				EE05F8540FCE35A700DFB1F1 /* TBTalkingBook.m */,
				EE05F8860FCE439000DFB1F1 /* TBBookData.h */,
			);
			name = Classes;
			path = Source;
			sourceTree = "<group>";
		};
		1058C7B0FEA5585E11CA2CBB /* Linked Frameworks */ = {
			isa = PBXGroup;
			children = (
				EE5AB99E0FCF909E00D4C4B8 /* QTKit.framework */,
				1058C7B1FEA5585E11CA2CBB /* Cocoa.framework */,
			);
			name = "Linked Frameworks";
			sourceTree = "<group>";
		};
		1058C7B2FEA5585E11CA2CBB /* Other Frameworks */ = {
			isa = PBXGroup;
			children = (
			);
			name = "Other Frameworks";
			sourceTree = "<group>";
		};
		32C88DFF0371C24200C91783 /* Other Sources */ = {
			isa = PBXGroup;
			children = (
				32DBCF5E0370ADEE00C91783 /* TalkingBook_Prefix.pch */,
				EE05F8880FCE439000DFB1F1 /* TBPluginInterface.h */,
			);
			name = "Other Sources";
			path = Source;
			sourceTree = "<group>";
		};
/* End PBXGroup section */

/* Begin PBXHeadersBuildPhase section */
		8DC2EF500486A6940098B216 /* Headers */ = {
			isa = PBXHeadersBuildPhase;
			buildActionMask = 2147483647;
			files = (
				EE05F88B0FCE439000DFB1F1 /* TBPluginInterface.h in Headers */,
				EE05F8550FCE35A700DFB1F1 /* TBTalkingBook.h in Headers */,
				EE05F8890FCE439000DFB1F1 /* TBBookData.h in Headers */,
			);
			runOnlyForDeploymentPostprocessing = 0;
		};
/* End PBXHeadersBuildPhase section */

/* Begin PBXNativeTarget section */
		8DC2EF4F0486A6940098B216 /* TalkingBook */ = {
			isa = PBXNativeTarget;
			buildConfigurationList = 1DEB91AD08733DA50010E9CD /* Build configuration list for PBXNativeTarget "TalkingBook" */;
			buildPhases = (
				8DC2EF500486A6940098B216 /* Headers */,
				8DC2EF520486A6940098B216 /* Resources */,
				8DC2EF540486A6940098B216 /* Sources */,
				8DC2EF560486A6940098B216 /* Frameworks */,
			);
			buildRules = (
			);
			dependencies = (
			);
			name = TalkingBook;
			productInstallPath = "$(HOME)/Library/Frameworks";
			productName = TalkingBook;
			productReference = EE155504104B693000A20F90 /* TalkingBook.framework */;
			productType = "com.apple.product-type.framework";
		};
/* End PBXNativeTarget section */

/* Begin PBXProject section */
		0867D690FE84028FC02AAC07 /* Project object */ = {
			isa = PBXProject;
			buildConfigurationList = 1DEB91B108733DA50010E9CD /* Build configuration list for PBXProject "TalkingBook" */;
			compatibilityVersion = "Xcode 3.1";
			hasScannedForEncodings = 1;
			knownRegions = (
				English,
				Japanese,
				French,
				German,
				no,
			);
			mainGroup = 0867D691FE84028FC02AAC07 /* TalkingBook */;
			productRefGroup = 034768DFFF38A50411DB9C8B /* Products */;
			projectDirPath = "";
			projectRoot = "";
			targets = (
				8DC2EF4F0486A6940098B216 /* TalkingBook */,
			);
		};
/* End PBXProject section */

/* Begin PBXResourcesBuildPhase section */
		8DC2EF520486A6940098B216 /* Resources */ = {
			isa = PBXResourcesBuildPhase;
			buildActionMask = 2147483647;
			files = (
				EED2CD1710167909002AC50A /* InfoPlist.strings in Resources */,
				EE1A700110167F8C0001BEDB /* TBBookInfo.nib in Resources */,
				EE7270A91013EE5A00FBF671 /* TBTextWindow.xib in Resources */,
				EE8BA987100198E3000E242F /* Localizable.strings in Resources */,
			);
			runOnlyForDeploymentPostprocessing = 0;
		};
/* End PBXResourcesBuildPhase section */

/* Begin PBXSourcesBuildPhase section */
		8DC2EF540486A6940098B216 /* Sources */ = {
			isa = PBXSourcesBuildPhase;
			buildActionMask = 2147483647;
			files = (
				EE05F8560FCE35A700DFB1F1 /* TBTalkingBook.m in Sources */,
				EEDC6D50104CFB9000380583 /* TBBookData.m in Sources */,
			);
			runOnlyForDeploymentPostprocessing = 0;
		};
/* End PBXSourcesBuildPhase section */

/* Begin PBXVariantGroup section */
		EE1A700010167F8C0001BEDB /* TBBookInfo.nib */ = {
			isa = PBXVariantGroup;
			children = (
				EE05F8680FCE389500DFB1F1 /* English */,
				EE1A700210167F980001BEDB /* French */,
				EE1A700310167F9D0001BEDB /* no */,
			);
			name = TBBookInfo.nib;
			sourceTree = "<group>";
		};
		EE8BA986100198E3000E242F /* Localizable.strings */ = {
			isa = PBXVariantGroup;
			children = (
				EE8BA984100198D6000E242F /* English */,
				EE7270AA1013EE6E00FBF671 /* French */,
				EE7270AB1013EE7200FBF671 /* no */,
			);
			name = Localizable.strings;
			sourceTree = "<group>";
		};
/* End PBXVariantGroup section */

/* Begin XCBuildConfiguration section */
		1DEB91AE08733DA50010E9CD /* Debug */ = {
			isa = XCBuildConfiguration;
			buildSettings = {
				ALWAYS_SEARCH_USER_PATHS = NO;
				COPY_PHASE_STRIP = NO;
				DEBUG_INFORMATION_FORMAT = dwarf;
				DYLIB_COMPATIBILITY_VERSION = 1;
				DYLIB_CURRENT_VERSION = 1;
				FRAMEWORK_VERSION = A;
				GCC_AUTO_VECTORIZATION = NO;
				GCC_DYNAMIC_NO_PIC = NO;
				GCC_ENABLE_FIX_AND_CONTINUE = YES;
				GCC_ENABLE_OBJC_GC = unsupported;
				GCC_ENABLE_SSE3_EXTENSIONS = YES;
				GCC_ENABLE_SUPPLEMENTAL_SSE3_INSTRUCTIONS = YES;
				GCC_MODEL_TUNING = G5;
				GCC_OPTIMIZATION_LEVEL = 0;
				GCC_PRECOMPILE_PREFIX_HEADER = NO;
				GCC_PREFIX_HEADER = Source/TalkingBook_Prefix.pch;
				GCC_VERSION = 4.2;
				GCC_WARN_ABOUT_MISSING_PROTOTYPES = YES;
				GCC_WARN_PROTOTYPE_CONVERSION = NO;
				GCC_WARN_UNINITIALIZED_AUTOS = NO;
				IBC_FLATTEN_NIBS = NO;
				INFOPLIST_FILE = Resources/Info.plist;
				INSTALL_PATH = "@executable_path/../Frameworks";
				PRODUCT_NAME = TalkingBook;
				SKIP_INSTALL = NO;
				WRAPPER_EXTENSION = framework;
			};
			name = Debug;
		};
		1DEB91AF08733DA50010E9CD /* Release */ = {
			isa = XCBuildConfiguration;
			buildSettings = {
				ALWAYS_SEARCH_USER_PATHS = NO;
				DEBUG_INFORMATION_FORMAT = "dwarf-with-dsym";
				DYLIB_COMPATIBILITY_VERSION = 1;
				DYLIB_CURRENT_VERSION = 1;
				FRAMEWORK_VERSION = A;
				GCC_AUTO_VECTORIZATION = YES;
				GCC_ENABLE_OBJC_GC = unsupported;
				GCC_ENABLE_SSE3_EXTENSIONS = YES;
				GCC_ENABLE_SUPPLEMENTAL_SSE3_INSTRUCTIONS = YES;
				GCC_GENERATE_DEBUGGING_SYMBOLS = NO;
				GCC_MODEL_TUNING = G5;
				GCC_PRECOMPILE_PREFIX_HEADER = NO;
				GCC_PREFIX_HEADER = Source/TalkingBook_Prefix.pch;
				GCC_VERSION = 4.2;
				GCC_WARN_ABOUT_MISSING_PROTOTYPES = YES;
				GCC_WARN_PROTOTYPE_CONVERSION = NO;
				GCC_WARN_UNINITIALIZED_AUTOS = YES;
				IBC_FLATTEN_NIBS = NO;
				INFOPLIST_FILE = Resources/Info.plist;
				INSTALL_PATH = "@executable_path/../Frameworks";
				PRODUCT_NAME = TalkingBook;
				SKIP_INSTALL = NO;
				WRAPPER_EXTENSION = framework;
			};
			name = Release;
		};
		1DEB91B208733DA50010E9CD /* Debug */ = {
			isa = XCBuildConfiguration;
			buildSettings = {
				ARCHS = "$(NATIVE_ARCH)";
				DEBUG_INFORMATION_FORMAT = dwarf;
				GCC_C_LANGUAGE_STANDARD = c99;
				GCC_ENABLE_OBJC_GC = unsupported;
				GCC_OPTIMIZATION_LEVEL = 0;
				GCC_TREAT_IMPLICIT_FUNCTION_DECLARATIONS_AS_ERRORS = YES;
				GCC_TREAT_NONCONFORMANT_CODE_ERRORS_AS_WARNINGS = YES;
				GCC_VERSION = 4.2;
				GCC_WARN_64_TO_32_BIT_CONVERSION = YES;
				GCC_WARN_ABOUT_MISSING_NEWLINE = YES;
				GCC_WARN_ABOUT_MISSING_PROTOTYPES = YES;
				GCC_WARN_ABOUT_RETURN_TYPE = YES;
				GCC_WARN_CHECK_SWITCH_STATEMENTS = YES;
				GCC_WARN_EFFECTIVE_CPLUSPLUS_VIOLATIONS = YES;
				GCC_WARN_HIDDEN_VIRTUAL_FUNCTIONS = YES;
				GCC_WARN_INITIALIZER_NOT_FULLY_BRACKETED = YES;
				GCC_WARN_MISSING_PARENTHESES = YES;
				GCC_WARN_PROTOTYPE_CONVERSION = YES;
				GCC_WARN_SHADOW = YES;
				GCC_WARN_SIGN_COMPARE = YES;
				GCC_WARN_TYPECHECK_CALLS_TO_PRINTF = YES;
				GCC_WARN_UNINITIALIZED_AUTOS = YES;
				GCC_WARN_UNKNOWN_PRAGMAS = YES;
				GCC_WARN_UNUSED_FUNCTION = YES;
				GCC_WARN_UNUSED_LABEL = YES;
				GCC_WARN_UNUSED_VALUE = YES;
				GCC_WARN_UNUSED_VARIABLE = YES;
				IBC_FLATTEN_NIBS = NO;
				INFOPLIST_FILE = "";
				INFOPLIST_PREPROCESS = YES;
				ONLY_ACTIVE_ARCH = YES;
				OTHER_CFLAGS = "-DDEBUG=1";
				PREBINDING = NO;
				SDKROOT = macosx10.5;
				SKIP_INSTALL = YES;
			};
			name = Debug;
		};
		1DEB91B308733DA50010E9CD /* Release */ = {
			isa = XCBuildConfiguration;
			buildSettings = {
				ARCHS = "$(ARCHS_STANDARD_32_64_BIT)";
				DEBUG_INFORMATION_FORMAT = "dwarf-with-dsym";
				GCC_C_LANGUAGE_STANDARD = c99;
				GCC_ENABLE_OBJC_GC = supported;
				GCC_VERSION = 4.2;
				GCC_WARN_ABOUT_RETURN_TYPE = YES;
				GCC_WARN_UNUSED_VARIABLE = YES;
				IBC_FLATTEN_NIBS = NO;
				INFOPLIST_FILE = "";
				INFOPLIST_PREPROCESS = YES;
				PREBINDING = NO;
				SDKROOT = macosx10.5;
			};
			name = Release;
		};
/* End XCBuildConfiguration section */

/* Begin XCConfigurationList section */
		1DEB91AD08733DA50010E9CD /* Build configuration list for PBXNativeTarget "TalkingBook" */ = {
			isa = XCConfigurationList;
			buildConfigurations = (
				1DEB91AE08733DA50010E9CD /* Debug */,
				1DEB91AF08733DA50010E9CD /* Release */,
			);
			defaultConfigurationIsVisible = 0;
			defaultConfigurationName = Debug;
		};
		1DEB91B108733DA50010E9CD /* Build configuration list for PBXProject "TalkingBook" */ = {
			isa = XCConfigurationList;
			buildConfigurations = (
				1DEB91B208733DA50010E9CD /* Debug */,
				1DEB91B308733DA50010E9CD /* Release */,
			);
			defaultConfigurationIsVisible = 0;
			defaultConfigurationName = Debug;
		};
/* End XCConfigurationList section */
	};
	rootObject = 0867D690FE84028FC02AAC07 /* Project object */;
}
