// !$*UTF8*$!
{
	archiveVersion = 1;
	classes = {
	};
	objectVersion = 45;
	objects = {

/* Begin PBXBuildFile section */
		8D5B49B4048680CD000E48DA /* Cocoa.framework in Frameworks */ = {isa = PBXBuildFile; fileRef = 1058C7ADFEA557BF11CA2CBB /* Cocoa.framework */; };
		EE121F7D0FE0D2CB000F8447 /* BBSAudioSegment.m in Sources */ = {isa = PBXBuildFile; fileRef = EE121F7C0FE0D2CB000F8447 /* BBSAudioSegment.m */; };
		EE121F840FE0D6E5000F8447 /* TBSMILDocument.m in Sources */ = {isa = PBXBuildFile; fileRef = EE121F830FE0D6E5000F8447 /* TBSMILDocument.m */; };
		EE1ACD260FD3910000F88F96 /* TBOPFNimasDocument.m in Sources */ = {isa = PBXBuildFile; fileRef = EE1ACD250FD3910000F88F96 /* TBOPFNimasDocument.m */; };
		EE247B57100AD5B300C51EC5 /* TBTextContentDoc.m in Sources */ = {isa = PBXBuildFile; fileRef = EE247B56100AD5B300C51EC5 /* TBTextContentDoc.m */; };
		EE2768940FF875FE00C3DB1C /* NoTextContent.html in Resources */ = {isa = PBXBuildFile; fileRef = EE2768920FF875FD00C3DB1C /* NoTextContent.html */; };
		EE3172CF0FE0D9B100B27804 /* NSString-TBAdditions.m in Sources */ = {isa = PBXBuildFile; fileRef = EE3172CE0FE0D9B100B27804 /* NSString-TBAdditions.m */; };
		EE3172EE0FE0DC0E00B27804 /* RegexKitLite.m in Sources */ = {isa = PBXBuildFile; fileRef = EE3172ED0FE0DC0E00B27804 /* RegexKitLite.m */; };
		EE3172F60FE0DCFC00B27804 /* libicucore.dylib in Frameworks */ = {isa = PBXBuildFile; fileRef = EE3172F50FE0DCFC00B27804 /* libicucore.dylib */; };
		EE3172F80FE0DD1200B27804 /* QTKit.framework in Frameworks */ = {isa = PBXBuildFile; fileRef = EE3172F70FE0DD1200B27804 /* QTKit.framework */; };
		EE3174C10FE0E1E100B27804 /* TBNavigationController.m in Sources */ = {isa = PBXBuildFile; fileRef = EE3174C00FE0E1E100B27804 /* TBNavigationController.m */; };
		EE3927950FC3F0C40093CBBD /* TBFileUtils.m in Sources */ = {isa = PBXBuildFile; fileRef = EE3927940FC3F0C40093CBBD /* TBFileUtils.m */; };
		EE54A0D10FFD859100C55D6F /* TBTextOnlyNavigationController.m in Sources */ = {isa = PBXBuildFile; fileRef = EE54A0D00FFD859100C55D6F /* TBTextOnlyNavigationController.m */; };
		EE886BBD108C670F003FAF1D /* TalkingBook.framework in Frameworks */ = {isa = PBXBuildFile; fileRef = EE886BBC108C6707003FAF1D /* TalkingBook.framework */; };
		EE8BA94A1001980A000E242F /* Localizable.strings in Resources */ = {isa = PBXBuildFile; fileRef = EE8BA9491001980A000E242F /* Localizable.strings */; };
		EE9E52910FC3B08C00D0564C /* TBStdFormats.m in Sources */ = {isa = PBXBuildFile; fileRef = EE9E528F0FC3B08C00D0564C /* TBStdFormats.m */; };
		EE9E52A60FC3CA1500D0564C /* DTB202BookPlugin.m in Sources */ = {isa = PBXBuildFile; fileRef = EE9E52A50FC3CA1500D0564C /* DTB202BookPlugin.m */; };
		EE9E52A90FC3CC6500D0564C /* DTB2002BookPlugin.m in Sources */ = {isa = PBXBuildFile; fileRef = EE9E52A80FC3CC6500D0564C /* DTB2002BookPlugin.m */; };
		EE9E52AC0FC3CD1B00D0564C /* DTB2005BookPlugin.m in Sources */ = {isa = PBXBuildFile; fileRef = EE9E52AB0FC3CD1B00D0564C /* DTB2005BookPlugin.m */; };
		EE9E52AF0FC3CDB400D0564C /* TBBooksharePlugin.m in Sources */ = {isa = PBXBuildFile; fileRef = EE9E52AE0FC3CDB400D0564C /* TBBooksharePlugin.m */; };
		EE9E53050FC3DE2700D0564C /* TBNIMASPlugin.m in Sources */ = {isa = PBXBuildFile; fileRef = EE9E53040FC3DE2700D0564C /* TBNIMASPlugin.m */; };
		EEB66B1C104374BB003378BB /* TBBookshareNavigationController.m in Sources */ = {isa = PBXBuildFile; fileRef = EEB66B1A104374BB003378BB /* TBBookshareNavigationController.m */; };
		EEB66B29104386F6003378BB /* TBBookshareTextContentDoc.m in Sources */ = {isa = PBXBuildFile; fileRef = EEB66B27104386F6003378BB /* TBBookshareTextContentDoc.m */; };
		EEB7A3A50FE5D52200662B04 /* TBStdInfoViewItem.m in Sources */ = {isa = PBXBuildFile; fileRef = EEB7A3A30FE5D52200662B04 /* TBStdInfoViewItem.m */; };
		EEB7A3DD0FE5EC0D00662B04 /* TBStdInfoView.m in Sources */ = {isa = PBXBuildFile; fileRef = EEB7A3DC0FE5EC0D00662B04 /* TBStdInfoView.m */; };
		EEBF2DF20FE62426004D5771 /* TextView.xib in Resources */ = {isa = PBXBuildFile; fileRef = EEBF2DF10FE62426004D5771 /* TextView.xib */; };
		EEC3D88A1099451000F375A1 /* InformationView.xib in Resources */ = {isa = PBXBuildFile; fileRef = EEC3D8891099451000F375A1 /* InformationView.xib */; };
		EECDD40D0FCBD56A00C0EDDC /* TBControlDoc.m in Sources */ = {isa = PBXBuildFile; fileRef = EECDD4060FCBD56A00C0EDDC /* TBControlDoc.m */; };
		EECDD40E0FCBD56A00C0EDDC /* TBNCCDocument.m in Sources */ = {isa = PBXBuildFile; fileRef = EECDD4080FCBD56A00C0EDDC /* TBNCCDocument.m */; };
		EECDD40F0FCBD56A00C0EDDC /* TBNCXDocument.m in Sources */ = {isa = PBXBuildFile; fileRef = EECDD40A0FCBD56A00C0EDDC /* TBNCXDocument.m */; };
		EECDD4100FCBD56A00C0EDDC /* TBOPFDocument.m in Sources */ = {isa = PBXBuildFile; fileRef = EECDD40B0FCBD56A00C0EDDC /* TBOPFDocument.m */; };
		EECDD4180FCBD5D700C0EDDC /* TBPackageDoc.m in Sources */ = {isa = PBXBuildFile; fileRef = EECDD4170FCBD5D700C0EDDC /* TBPackageDoc.m */; };
		EEE1C551101EB3EF00E217DD /* TBSpeechController.m in Sources */ = {isa = PBXBuildFile; fileRef = EEE1C550101EB3EF00E217DD /* TBSpeechController.m */; };
		EEED048D0FF9DEFA00838EBC /* ErrorLoadingTextContent.html in Resources */ = {isa = PBXBuildFile; fileRef = EEED048B0FF9DEFA00838EBC /* ErrorLoadingTextContent.html */; };
		EEEE9C8F0FF7591D001822EA /* TBStdTextView.m in Sources */ = {isa = PBXBuildFile; fileRef = EEEE9C8E0FF7591D001822EA /* TBStdTextView.m */; };
		EEEE9C960FF75A32001822EA /* WebKit.framework in Frameworks */ = {isa = PBXBuildFile; fileRef = EEEE9C950FF75A32001822EA /* WebKit.framework */; };
		EEFC92971042A67B000D9864 /* NSXMLNode-TBAdditions.m in Sources */ = {isa = PBXBuildFile; fileRef = EEFC92961042A67B000D9864 /* NSXMLNode-TBAdditions.m */; };
/* End PBXBuildFile section */

/* Begin PBXContainerItemProxy section */
		EE886BBB108C6707003FAF1D /* PBXContainerItemProxy */ = {
			isa = PBXContainerItemProxy;
			containerPortal = EE886BB7108C6707003FAF1D /* TalkingBook.xcodeproj */;
			proxyType = 2;
			remoteGlobalIDString = EE155504104B693000A20F90;
			remoteInfo = TalkingBook;
		};
		EE886BBE108C675C003FAF1D /* PBXContainerItemProxy */ = {
			isa = PBXContainerItemProxy;
			containerPortal = EE886BB7108C6707003FAF1D /* TalkingBook.xcodeproj */;
			proxyType = 1;
			remoteGlobalIDString = 8DC2EF4F0486A6940098B216;
			remoteInfo = TalkingBook;
		};
/* End PBXContainerItemProxy section */

/* Begin PBXFileReference section */
		1058C7ADFEA557BF11CA2CBB /* Cocoa.framework */ = {isa = PBXFileReference; lastKnownFileType = wrapper.framework; name = Cocoa.framework; path = /System/Library/Frameworks/Cocoa.framework; sourceTree = "<absolute>"; };
		32DBCF630370AF2F00C91783 /* StdDaisyFormats_Prefix.pch */ = {isa = PBXFileReference; fileEncoding = 4; lastKnownFileType = sourcecode.c.h; path = StdDaisyFormats_Prefix.pch; sourceTree = "<group>"; };
		8D5B49B6048680CD000E48DA /* StdDaisyFormats.plugin */ = {isa = PBXFileReference; explicitFileType = wrapper.cfbundle; includeInIndex = 0; path = StdDaisyFormats.plugin; sourceTree = BUILT_PRODUCTS_DIR; };
		8D5B49B7048680CD000E48DA /* Info.plist */ = {isa = PBXFileReference; fileEncoding = 4; lastKnownFileType = text.plist.xml; path = Info.plist; sourceTree = "<group>"; };
		EE121F7B0FE0D2CB000F8447 /* BBSAudioSegment.h */ = {isa = PBXFileReference; fileEncoding = 4; lastKnownFileType = sourcecode.c.h; path = BBSAudioSegment.h; sourceTree = "<group>"; };
		EE121F7C0FE0D2CB000F8447 /* BBSAudioSegment.m */ = {isa = PBXFileReference; fileEncoding = 4; lastKnownFileType = sourcecode.c.objc; path = BBSAudioSegment.m; sourceTree = "<group>"; };
		EE121F820FE0D6E5000F8447 /* TBSMILDocument.h */ = {isa = PBXFileReference; fileEncoding = 4; lastKnownFileType = sourcecode.c.h; path = TBSMILDocument.h; sourceTree = "<group>"; };
		EE121F830FE0D6E5000F8447 /* TBSMILDocument.m */ = {isa = PBXFileReference; fileEncoding = 4; lastKnownFileType = sourcecode.c.objc; path = TBSMILDocument.m; sourceTree = "<group>"; };
		EE1ACD240FD3910000F88F96 /* TBOPFNimasDocument.h */ = {isa = PBXFileReference; fileEncoding = 4; lastKnownFileType = sourcecode.c.h; path = TBOPFNimasDocument.h; sourceTree = "<group>"; };
		EE1ACD250FD3910000F88F96 /* TBOPFNimasDocument.m */ = {isa = PBXFileReference; fileEncoding = 4; lastKnownFileType = sourcecode.c.objc; path = TBOPFNimasDocument.m; sourceTree = "<group>"; };
		EE247B55100AD5B300C51EC5 /* TBTextContentDoc.h */ = {isa = PBXFileReference; fileEncoding = 4; lastKnownFileType = sourcecode.c.h; path = TBTextContentDoc.h; sourceTree = "<group>"; };
		EE247B56100AD5B300C51EC5 /* TBTextContentDoc.m */ = {isa = PBXFileReference; fileEncoding = 4; lastKnownFileType = sourcecode.c.objc; path = TBTextContentDoc.m; sourceTree = "<group>"; };
		EE2768930FF875FD00C3DB1C /* English */ = {isa = PBXFileReference; fileEncoding = 4; lastKnownFileType = text.html; name = English; path = English.lproj/NoTextContent.html; sourceTree = "<group>"; };
		EE3172CD0FE0D9B100B27804 /* NSString-TBAdditions.h */ = {isa = PBXFileReference; fileEncoding = 4; lastKnownFileType = sourcecode.c.h; path = "NSString-TBAdditions.h"; sourceTree = "<group>"; };
		EE3172CE0FE0D9B100B27804 /* NSString-TBAdditions.m */ = {isa = PBXFileReference; fileEncoding = 4; lastKnownFileType = sourcecode.c.objc; path = "NSString-TBAdditions.m"; sourceTree = "<group>"; };
		EE3172EC0FE0DC0E00B27804 /* RegexKitLite.h */ = {isa = PBXFileReference; fileEncoding = 4; lastKnownFileType = sourcecode.c.h; path = RegexKitLite.h; sourceTree = "<group>"; };
		EE3172ED0FE0DC0E00B27804 /* RegexKitLite.m */ = {isa = PBXFileReference; fileEncoding = 4; lastKnownFileType = sourcecode.c.objc; path = RegexKitLite.m; sourceTree = "<group>"; };
		EE3172F50FE0DCFC00B27804 /* libicucore.dylib */ = {isa = PBXFileReference; lastKnownFileType = "compiled.mach-o.dylib"; name = libicucore.dylib; path = usr/lib/libicucore.dylib; sourceTree = SDKROOT; };
		EE3172F70FE0DD1200B27804 /* QTKit.framework */ = {isa = PBXFileReference; lastKnownFileType = wrapper.framework; name = QTKit.framework; path = System/Library/Frameworks/QTKit.framework; sourceTree = SDKROOT; };
		EE3174BF0FE0E1E100B27804 /* TBNavigationController.h */ = {isa = PBXFileReference; fileEncoding = 4; lastKnownFileType = sourcecode.c.h; path = TBNavigationController.h; sourceTree = "<group>"; };
		EE3174C00FE0E1E100B27804 /* TBNavigationController.m */ = {isa = PBXFileReference; fileEncoding = 4; lastKnownFileType = sourcecode.c.objc; path = TBNavigationController.m; sourceTree = "<group>"; };
		EE3927930FC3F0C40093CBBD /* TBFileUtils.h */ = {isa = PBXFileReference; fileEncoding = 4; lastKnownFileType = sourcecode.c.h; path = TBFileUtils.h; sourceTree = "<group>"; };
		EE3927940FC3F0C40093CBBD /* TBFileUtils.m */ = {isa = PBXFileReference; fileEncoding = 4; lastKnownFileType = sourcecode.c.objc; path = TBFileUtils.m; sourceTree = "<group>"; };
		EE54A0CF0FFD859100C55D6F /* TBTextOnlyNavigationController.h */ = {isa = PBXFileReference; fileEncoding = 4; lastKnownFileType = sourcecode.c.h; path = TBTextOnlyNavigationController.h; sourceTree = "<group>"; };
		EE54A0D00FFD859100C55D6F /* TBTextOnlyNavigationController.m */ = {isa = PBXFileReference; fileEncoding = 4; lastKnownFileType = sourcecode.c.objc; path = TBTextOnlyNavigationController.m; sourceTree = "<group>"; };
		EE80C52D0FD8AF55009F55BB /* TBPluginInterface.h */ = {isa = PBXFileReference; fileEncoding = 4; lastKnownFileType = sourcecode.c.h; name = TBPluginInterface.h; path = ../TBPluginInterface.h; sourceTree = SOURCE_ROOT; };
		EE886BB7108C6707003FAF1D /* TalkingBook.xcodeproj */ = {isa = PBXFileReference; lastKnownFileType = "wrapper.pb-project"; name = TalkingBook.xcodeproj; path = ../TalkingBookFramework/TalkingBook.xcodeproj; sourceTree = SOURCE_ROOT; };
		EE8BA947100197EB000E242F /* English */ = {isa = PBXFileReference; fileEncoding = 10; lastKnownFileType = text.plist.strings; name = English; path = English.lproj/Localizable.strings; sourceTree = "<group>"; };
		EE9E528F0FC3B08C00D0564C /* TBStdFormats.m */ = {isa = PBXFileReference; fileEncoding = 4; lastKnownFileType = sourcecode.c.objc; path = TBStdFormats.m; sourceTree = "<group>"; };
		EE9E52900FC3B08C00D0564C /* TBStdFormats.h */ = {isa = PBXFileReference; fileEncoding = 4; lastKnownFileType = sourcecode.c.h; path = TBStdFormats.h; sourceTree = "<group>"; };
		EE9E52A40FC3CA1500D0564C /* DTB202BookPlugin.h */ = {isa = PBXFileReference; explicitFileType = sourcecode.c.h; fileEncoding = 4; path = DTB202BookPlugin.h; sourceTree = "<group>"; };
		EE9E52A50FC3CA1500D0564C /* DTB202BookPlugin.m */ = {isa = PBXFileReference; fileEncoding = 4; lastKnownFileType = sourcecode.c.objc; path = DTB202BookPlugin.m; sourceTree = "<group>"; };
		EE9E52A70FC3CC6500D0564C /* DTB2002BookPlugin.h */ = {isa = PBXFileReference; fileEncoding = 4; lastKnownFileType = sourcecode.c.h; path = DTB2002BookPlugin.h; sourceTree = "<group>"; };
		EE9E52A80FC3CC6500D0564C /* DTB2002BookPlugin.m */ = {isa = PBXFileReference; fileEncoding = 4; lastKnownFileType = sourcecode.c.objc; path = DTB2002BookPlugin.m; sourceTree = "<group>"; };
		EE9E52AA0FC3CD1B00D0564C /* DTB2005BookPlugin.h */ = {isa = PBXFileReference; fileEncoding = 4; lastKnownFileType = sourcecode.c.h; path = DTB2005BookPlugin.h; sourceTree = "<group>"; };
		EE9E52AB0FC3CD1B00D0564C /* DTB2005BookPlugin.m */ = {isa = PBXFileReference; fileEncoding = 4; lastKnownFileType = sourcecode.c.objc; path = DTB2005BookPlugin.m; sourceTree = "<group>"; };
		EE9E52AD0FC3CDB400D0564C /* TBBooksharePlugin.h */ = {isa = PBXFileReference; fileEncoding = 4; lastKnownFileType = sourcecode.c.h; path = TBBooksharePlugin.h; sourceTree = "<group>"; };
		EE9E52AE0FC3CDB400D0564C /* TBBooksharePlugin.m */ = {isa = PBXFileReference; fileEncoding = 4; lastKnownFileType = sourcecode.c.objc; path = TBBooksharePlugin.m; sourceTree = "<group>"; };
		EE9E53030FC3DE2700D0564C /* TBNIMASPlugin.h */ = {isa = PBXFileReference; fileEncoding = 4; lastKnownFileType = sourcecode.c.h; path = TBNIMASPlugin.h; sourceTree = "<group>"; };
		EE9E53040FC3DE2700D0564C /* TBNIMASPlugin.m */ = {isa = PBXFileReference; fileEncoding = 4; lastKnownFileType = sourcecode.c.objc; path = TBNIMASPlugin.m; sourceTree = "<group>"; };
		EEB66B1A104374BB003378BB /* TBBookshareNavigationController.m */ = {isa = PBXFileReference; fileEncoding = 4; lastKnownFileType = sourcecode.c.objc; path = TBBookshareNavigationController.m; sourceTree = "<group>"; };
		EEB66B1B104374BB003378BB /* TBBookshareNavigationController.h */ = {isa = PBXFileReference; fileEncoding = 4; lastKnownFileType = sourcecode.c.h; path = TBBookshareNavigationController.h; sourceTree = "<group>"; };
		EEB66B27104386F6003378BB /* TBBookshareTextContentDoc.m */ = {isa = PBXFileReference; fileEncoding = 4; lastKnownFileType = sourcecode.c.objc; path = TBBookshareTextContentDoc.m; sourceTree = "<group>"; };
		EEB66B28104386F6003378BB /* TBBookshareTextContentDoc.h */ = {isa = PBXFileReference; fileEncoding = 4; lastKnownFileType = sourcecode.c.h; path = TBBookshareTextContentDoc.h; sourceTree = "<group>"; };
		EEB7A3890FE5D3A800662B04 /* English */ = {isa = PBXFileReference; lastKnownFileType = file.xib; name = English; path = ../Resources/English.lproj/InformationView.xib; sourceTree = "<group>"; };
		EEB7A38B0FE5D3C800662B04 /* English */ = {isa = PBXFileReference; lastKnownFileType = file.xib; name = English; path = English.lproj/TextView.xib; sourceTree = "<group>"; };
		EEB7A3A20FE5D52200662B04 /* TBStdInfoViewItem.h */ = {isa = PBXFileReference; fileEncoding = 4; lastKnownFileType = sourcecode.c.h; path = TBStdInfoViewItem.h; sourceTree = "<group>"; };
		EEB7A3A30FE5D52200662B04 /* TBStdInfoViewItem.m */ = {isa = PBXFileReference; fileEncoding = 4; lastKnownFileType = sourcecode.c.objc; path = TBStdInfoViewItem.m; sourceTree = "<group>"; };
		EEB7A3DB0FE5EC0D00662B04 /* TBStdInfoView.h */ = {isa = PBXFileReference; fileEncoding = 4; lastKnownFileType = sourcecode.c.h; path = TBStdInfoView.h; sourceTree = "<group>"; };
		EEB7A3DC0FE5EC0D00662B04 /* TBStdInfoView.m */ = {isa = PBXFileReference; fileEncoding = 4; lastKnownFileType = sourcecode.c.objc; path = TBStdInfoView.m; sourceTree = "<group>"; };
		EEC3D8241099349300F375A1 /* TBStdPluginCommon.h */ = {isa = PBXFileReference; fileEncoding = 4; lastKnownFileType = sourcecode.c.h; path = TBStdPluginCommon.h; sourceTree = "<group>"; };
		EECDD4050FCBD56A00C0EDDC /* TBControlDoc.h */ = {isa = PBXFileReference; fileEncoding = 4; lastKnownFileType = sourcecode.c.h; path = TBControlDoc.h; sourceTree = "<group>"; };
		EECDD4060FCBD56A00C0EDDC /* TBControlDoc.m */ = {isa = PBXFileReference; fileEncoding = 4; lastKnownFileType = sourcecode.c.objc; path = TBControlDoc.m; sourceTree = "<group>"; };
		EECDD4070FCBD56A00C0EDDC /* TBNCCDocument.h */ = {isa = PBXFileReference; fileEncoding = 4; lastKnownFileType = sourcecode.c.h; path = TBNCCDocument.h; sourceTree = "<group>"; };
		EECDD4080FCBD56A00C0EDDC /* TBNCCDocument.m */ = {isa = PBXFileReference; fileEncoding = 4; lastKnownFileType = sourcecode.c.objc; path = TBNCCDocument.m; sourceTree = "<group>"; };
		EECDD4090FCBD56A00C0EDDC /* TBNCXDocument.h */ = {isa = PBXFileReference; fileEncoding = 4; lastKnownFileType = sourcecode.c.h; path = TBNCXDocument.h; sourceTree = "<group>"; };
		EECDD40A0FCBD56A00C0EDDC /* TBNCXDocument.m */ = {isa = PBXFileReference; fileEncoding = 4; lastKnownFileType = sourcecode.c.objc; path = TBNCXDocument.m; sourceTree = "<group>"; };
		EECDD40B0FCBD56A00C0EDDC /* TBOPFDocument.m */ = {isa = PBXFileReference; fileEncoding = 4; lastKnownFileType = sourcecode.c.objc; path = TBOPFDocument.m; sourceTree = "<group>"; };
		EECDD40C0FCBD56A00C0EDDC /* TBOPFDocument.h */ = {isa = PBXFileReference; fileEncoding = 4; lastKnownFileType = sourcecode.c.h; path = TBOPFDocument.h; sourceTree = "<group>"; };
		EECDD4160FCBD5D700C0EDDC /* TBPackageDoc.h */ = {isa = PBXFileReference; fileEncoding = 4; lastKnownFileType = sourcecode.c.h; path = TBPackageDoc.h; sourceTree = "<group>"; };
		EECDD4170FCBD5D700C0EDDC /* TBPackageDoc.m */ = {isa = PBXFileReference; fileEncoding = 4; lastKnownFileType = sourcecode.c.objc; path = TBPackageDoc.m; sourceTree = "<group>"; };
		EEE1C54F101EB3EF00E217DD /* TBSpeechController.h */ = {isa = PBXFileReference; fileEncoding = 4; lastKnownFileType = sourcecode.c.h; path = TBSpeechController.h; sourceTree = "<group>"; };
		EEE1C550101EB3EF00E217DD /* TBSpeechController.m */ = {isa = PBXFileReference; fileEncoding = 4; lastKnownFileType = sourcecode.c.objc; path = TBSpeechController.m; sourceTree = "<group>"; };
		EEED048C0FF9DEFA00838EBC /* English */ = {isa = PBXFileReference; fileEncoding = 4; lastKnownFileType = text.html; name = English; path = English.lproj/ErrorLoadingTextContent.html; sourceTree = "<group>"; };
		EEEE9C8D0FF7591D001822EA /* TBStdTextView.h */ = {isa = PBXFileReference; fileEncoding = 4; lastKnownFileType = sourcecode.c.h; path = TBStdTextView.h; sourceTree = "<group>"; };
		EEEE9C8E0FF7591D001822EA /* TBStdTextView.m */ = {isa = PBXFileReference; fileEncoding = 4; lastKnownFileType = sourcecode.c.objc; path = TBStdTextView.m; sourceTree = "<group>"; };
		EEEE9C950FF75A32001822EA /* WebKit.framework */ = {isa = PBXFileReference; lastKnownFileType = wrapper.framework; name = WebKit.framework; path = System/Library/Frameworks/WebKit.framework; sourceTree = SDKROOT; };
		EEFC92951042A67B000D9864 /* NSXMLNode-TBAdditions.h */ = {isa = PBXFileReference; fileEncoding = 4; lastKnownFileType = sourcecode.c.h; path = "NSXMLNode-TBAdditions.h"; sourceTree = "<group>"; };
		EEFC92961042A67B000D9864 /* NSXMLNode-TBAdditions.m */ = {isa = PBXFileReference; fileEncoding = 4; lastKnownFileType = sourcecode.c.objc; path = "NSXMLNode-TBAdditions.m"; sourceTree = "<group>"; };
/* End PBXFileReference section */

/* Begin PBXFrameworksBuildPhase section */
		8D5B49B3048680CD000E48DA /* Frameworks */ = {
			isa = PBXFrameworksBuildPhase;
			buildActionMask = 2147483647;
			files = (
				EE886BBD108C670F003FAF1D /* TalkingBook.framework in Frameworks */,
				8D5B49B4048680CD000E48DA /* Cocoa.framework in Frameworks */,
				EE3172F60FE0DCFC00B27804 /* libicucore.dylib in Frameworks */,
				EE3172F80FE0DD1200B27804 /* QTKit.framework in Frameworks */,
				EEEE9C960FF75A32001822EA /* WebKit.framework in Frameworks */,
			);
			runOnlyForDeploymentPostprocessing = 0;
		};
/* End PBXFrameworksBuildPhase section */

/* Begin PBXGroup section */
		089C166AFE841209C02AAC07 /* StdDaisyFormats */ = {
			isa = PBXGroup;
			children = (
				08FB77AFFE84173DC02AAC07 /* Source */,
				32C88E010371C26100C91783 /* Other Source */,
				089C167CFE841241C02AAC07 /* Resources */,
				089C1671FE841209C02AAC07 /* Frameworks and Libraries */,
				19C28FB8FE9D52D311CA2CBB /* Products */,
			);
			name = StdDaisyFormats;
			sourceTree = "<group>";
		};
		089C1671FE841209C02AAC07 /* Frameworks and Libraries */ = {
			isa = PBXGroup;
			children = (
				1058C7ACFEA557BF11CA2CBB /* Linked Frameworks */,
				1058C7AEFEA557BF11CA2CBB /* Other Frameworks */,
			);
			name = "Frameworks and Libraries";
			sourceTree = "<group>";
		};
		089C167CFE841241C02AAC07 /* Resources */ = {
			isa = PBXGroup;
			children = (
				EE8BA9491001980A000E242F /* Localizable.strings */,
				EE2768920FF875FD00C3DB1C /* NoTextContent.html */,
				EEED048B0FF9DEFA00838EBC /* ErrorLoadingTextContent.html */,
				8D5B49B7048680CD000E48DA /* Info.plist */,
			);
			path = Resources;
			sourceTree = "<group>";
		};
		08FB77AFFE84173DC02AAC07 /* Source */ = {
			isa = PBXGroup;
			children = (
				EECB46E60FE645E500C5E92A /* Views */,
				EE3172CC0FE0D98A00B27804 /* Categories */,
				EE3174BE0FE0E18500B27804 /* Controllers */,
				EE3927900FC3F0110093CBBD /* Plugins */,
				EECDD3F20FCBD48600C0EDDC /* Documents */,
				EE3927910FC3F0300093CBBD /* Utils */,
			);
			path = Source;
			sourceTree = "<group>";
		};
		1058C7ACFEA557BF11CA2CBB /* Linked Frameworks */ = {
			isa = PBXGroup;
			children = (
				1058C7ADFEA557BF11CA2CBB /* Cocoa.framework */,
				EE3172F50FE0DCFC00B27804 /* libicucore.dylib */,
				EE3172F70FE0DD1200B27804 /* QTKit.framework */,
				EEEE9C950FF75A32001822EA /* WebKit.framework */,
			);
			name = "Linked Frameworks";
			sourceTree = "<group>";
		};
		1058C7AEFEA557BF11CA2CBB /* Other Frameworks */ = {
			isa = PBXGroup;
			children = (
			);
			name = "Other Frameworks";
			sourceTree = "<group>";
		};
		19C28FB8FE9D52D311CA2CBB /* Products */ = {
			isa = PBXGroup;
			children = (
				EE886BB7108C6707003FAF1D /* TalkingBook.xcodeproj */,
				8D5B49B6048680CD000E48DA /* StdDaisyFormats.plugin */,
			);
			name = Products;
			sourceTree = "<group>";
		};
		32C88E010371C26100C91783 /* Other Source */ = {
			isa = PBXGroup;
			children = (
				EE3172EC0FE0DC0E00B27804 /* RegexKitLite.h */,
				EE3172ED0FE0DC0E00B27804 /* RegexKitLite.m */,
				EE80C52D0FD8AF55009F55BB /* TBPluginInterface.h */,
				32DBCF630370AF2F00C91783 /* StdDaisyFormats_Prefix.pch */,
				EEC3D8241099349300F375A1 /* TBStdPluginCommon.h */,
			);
			name = "Other Source";
			path = Source;
			sourceTree = "<group>";
		};
		EE121D780FE09547000F8447 /* SMIL */ = {
			isa = PBXGroup;
			children = (
				EE121F820FE0D6E5000F8447 /* TBSMILDocument.h */,
				EE121F830FE0D6E5000F8447 /* TBSMILDocument.m */,
			);
			name = SMIL;
			sourceTree = "<group>";
		};
		EE121D790FE0955A000F8447 /* Text */ = {
			isa = PBXGroup;
			children = (
				EE247B55100AD5B300C51EC5 /* TBTextContentDoc.h */,
				EE247B56100AD5B300C51EC5 /* TBTextContentDoc.m */,
				EEB66B28104386F6003378BB /* TBBookshareTextContentDoc.h */,
				EEB66B27104386F6003378BB /* TBBookshareTextContentDoc.m */,
			);
			name = Text;
			sourceTree = "<group>";
		};
		EE121F760FE0D2A1000F8447 /* Audio */ = {
			isa = PBXGroup;
			children = (
				EE121F7B0FE0D2CB000F8447 /* BBSAudioSegment.h */,
				EE121F7C0FE0D2CB000F8447 /* BBSAudioSegment.m */,
			);
			name = Audio;
			sourceTree = "<group>";
		};
		EE3172CC0FE0D98A00B27804 /* Categories */ = {
			isa = PBXGroup;
			children = (
				EEFC92951042A67B000D9864 /* NSXMLNode-TBAdditions.h */,
				EEFC92961042A67B000D9864 /* NSXMLNode-TBAdditions.m */,
				EE3172CD0FE0D9B100B27804 /* NSString-TBAdditions.h */,
				EE3172CE0FE0D9B100B27804 /* NSString-TBAdditions.m */,
			);
			name = Categories;
			sourceTree = "<group>";
		};
		EE3174BE0FE0E18500B27804 /* Controllers */ = {
			isa = PBXGroup;
			children = (
				EE3174BF0FE0E1E100B27804 /* TBNavigationController.h */,
				EE3174C00FE0E1E100B27804 /* TBNavigationController.m */,
				EE54A0CF0FFD859100C55D6F /* TBTextOnlyNavigationController.h */,
				EE54A0D00FFD859100C55D6F /* TBTextOnlyNavigationController.m */,
				EEB66B1B104374BB003378BB /* TBBookshareNavigationController.h */,
				EEB66B1A104374BB003378BB /* TBBookshareNavigationController.m */,
				EEE1C54F101EB3EF00E217DD /* TBSpeechController.h */,
				EEE1C550101EB3EF00E217DD /* TBSpeechController.m */,
			);
			name = Controllers;
			sourceTree = "<group>";
		};
		EE3927900FC3F0110093CBBD /* Plugins */ = {
			isa = PBXGroup;
			children = (
				EE9E52900FC3B08C00D0564C /* TBStdFormats.h */,
				EE9E528F0FC3B08C00D0564C /* TBStdFormats.m */,
				EE9E52A40FC3CA1500D0564C /* DTB202BookPlugin.h */,
				EE9E52A50FC3CA1500D0564C /* DTB202BookPlugin.m */,
				EE9E52A70FC3CC6500D0564C /* DTB2002BookPlugin.h */,
				EE9E52A80FC3CC6500D0564C /* DTB2002BookPlugin.m */,
				EE9E52AA0FC3CD1B00D0564C /* DTB2005BookPlugin.h */,
				EE9E52AB0FC3CD1B00D0564C /* DTB2005BookPlugin.m */,
				EE9E52AD0FC3CDB400D0564C /* TBBooksharePlugin.h */,
				EE9E52AE0FC3CDB400D0564C /* TBBooksharePlugin.m */,
				EE9E53030FC3DE2700D0564C /* TBNIMASPlugin.h */,
				EE9E53040FC3DE2700D0564C /* TBNIMASPlugin.m */,
			);
			name = Plugins;
			sourceTree = "<group>";
		};
		EE3927910FC3F0300093CBBD /* Utils */ = {
			isa = PBXGroup;
			children = (
				EE3927930FC3F0C40093CBBD /* TBFileUtils.h */,
				EE3927940FC3F0C40093CBBD /* TBFileUtils.m */,
			);
			name = Utils;
			sourceTree = "<group>";
		};
		EE886BB8108C6707003FAF1D /* Products */ = {
			isa = PBXGroup;
			children = (
				EE886BBC108C6707003FAF1D /* TalkingBook.framework */,
			);
			name = Products;
			sourceTree = "<group>";
		};
		EEB7A3990FE5D4F400662B04 /* Information View */ = {
			isa = PBXGroup;
			children = (
				EEC3D8891099451000F375A1 /* InformationView.xib */,
				EEB7A3A20FE5D52200662B04 /* TBStdInfoViewItem.h */,
				EEB7A3A30FE5D52200662B04 /* TBStdInfoViewItem.m */,
				EEB7A3DB0FE5EC0D00662B04 /* TBStdInfoView.h */,
				EEB7A3DC0FE5EC0D00662B04 /* TBStdInfoView.m */,
			);
			name = "Information View";
			sourceTree = "<group>";
		};
		EECB46E60FE645E500C5E92A /* Views */ = {
			isa = PBXGroup;
			children = (
				EEB7A3990FE5D4F400662B04 /* Information View */,
				EECB46E70FE645F900C5E92A /* Text View */,
			);
			name = Views;
			sourceTree = "<group>";
		};
		EECB46E70FE645F900C5E92A /* Text View */ = {
			isa = PBXGroup;
			children = (
				EEBF2DF10FE62426004D5771 /* TextView.xib */,
				EEEE9C8D0FF7591D001822EA /* TBStdTextView.h */,
				EEEE9C8E0FF7591D001822EA /* TBStdTextView.m */,
			);
			name = "Text View";
			sourceTree = "<group>";
		};
		EECDD3F20FCBD48600C0EDDC /* Documents */ = {
			isa = PBXGroup;
			children = (
				EECDD4120FCBD5B700C0EDDC /* Package */,
				EECDD3F30FCBD49900C0EDDC /* Control */,
				EE121D780FE09547000F8447 /* SMIL */,
				EE121D790FE0955A000F8447 /* Text */,
				EE121F760FE0D2A1000F8447 /* Audio */,
			);
			name = Documents;
			sourceTree = "<group>";
		};
		EECDD3F30FCBD49900C0EDDC /* Control */ = {
			isa = PBXGroup;
			children = (
				EECDD4050FCBD56A00C0EDDC /* TBControlDoc.h */,
				EECDD4060FCBD56A00C0EDDC /* TBControlDoc.m */,
				EECDD4070FCBD56A00C0EDDC /* TBNCCDocument.h */,
				EECDD4080FCBD56A00C0EDDC /* TBNCCDocument.m */,
				EECDD4090FCBD56A00C0EDDC /* TBNCXDocument.h */,
				EECDD40A0FCBD56A00C0EDDC /* TBNCXDocument.m */,
			);
			name = Control;
			sourceTree = "<group>";
		};
		EECDD4120FCBD5B700C0EDDC /* Package */ = {
			isa = PBXGroup;
			children = (
				EECDD4160FCBD5D700C0EDDC /* TBPackageDoc.h */,
				EECDD4170FCBD5D700C0EDDC /* TBPackageDoc.m */,
				EECDD40C0FCBD56A00C0EDDC /* TBOPFDocument.h */,
				EECDD40B0FCBD56A00C0EDDC /* TBOPFDocument.m */,
				EE1ACD240FD3910000F88F96 /* TBOPFNimasDocument.h */,
				EE1ACD250FD3910000F88F96 /* TBOPFNimasDocument.m */,
			);
			name = Package;
			sourceTree = "<group>";
		};
/* End PBXGroup section */

/* Begin PBXNativeTarget section */
		8D5B49AC048680CD000E48DA /* StdDaisyFormats */ = {
			isa = PBXNativeTarget;
			buildConfigurationList = 1DEB913A08733D840010E9CD /* Build configuration list for PBXNativeTarget "StdDaisyFormats" */;
			buildPhases = (
				8D5B49AF048680CD000E48DA /* Resources */,
				8D5B49B1048680CD000E48DA /* Sources */,
				8D5B49B3048680CD000E48DA /* Frameworks */,
				EEC3D7F310992E2300F375A1 /* Generate Localizable Strings  */,
			);
			buildRules = (
			);
			dependencies = (
				EE886BBF108C675C003FAF1D /* PBXTargetDependency */,
			);
			name = StdDaisyFormats;
			productInstallPath = "$(HOME)/Library/Bundles";
			productName = StdDaisyFormats;
			productReference = 8D5B49B6048680CD000E48DA /* StdDaisyFormats.plugin */;
			productType = "com.apple.product-type.bundle";
		};
/* End PBXNativeTarget section */

/* Begin PBXProject section */
		089C1669FE841209C02AAC07 /* Project object */ = {
			isa = PBXProject;
			attributes = {
				ORGANIZATIONNAME = "BrainBender Software";
			};
			buildConfigurationList = 1DEB913E08733D840010E9CD /* Build configuration list for PBXProject "StdDaisyFormats" */;
			compatibilityVersion = "Xcode 3.1";
			hasScannedForEncodings = 1;
			knownRegions = (
				English,
				Japanese,
				French,
				German,
				no,
			);
			mainGroup = 089C166AFE841209C02AAC07 /* StdDaisyFormats */;
			projectDirPath = "";
			projectReferences = (
				{
					ProductGroup = EE886BB8108C6707003FAF1D /* Products */;
					ProjectRef = EE886BB7108C6707003FAF1D /* TalkingBook.xcodeproj */;
				},
			);
			projectRoot = "";
			targets = (
				8D5B49AC048680CD000E48DA /* StdDaisyFormats */,
			);
		};
/* End PBXProject section */

/* Begin PBXReferenceProxy section */
		EE886BBC108C6707003FAF1D /* TalkingBook.framework */ = {
			isa = PBXReferenceProxy;
			fileType = wrapper.framework;
			path = TalkingBook.framework;
			remoteRef = EE886BBB108C6707003FAF1D /* PBXContainerItemProxy */;
			sourceTree = BUILT_PRODUCTS_DIR;
		};
/* End PBXReferenceProxy section */

/* Begin PBXResourcesBuildPhase section */
		8D5B49AF048680CD000E48DA /* Resources */ = {
			isa = PBXResourcesBuildPhase;
			buildActionMask = 2147483647;
			files = (
				EEC3D88A1099451000F375A1 /* InformationView.xib in Resources */,
				EEBF2DF20FE62426004D5771 /* TextView.xib in Resources */,
				EE2768940FF875FE00C3DB1C /* NoTextContent.html in Resources */,
				EEED048D0FF9DEFA00838EBC /* ErrorLoadingTextContent.html in Resources */,
				EE8BA94A1001980A000E242F /* Localizable.strings in Resources */,
			);
			runOnlyForDeploymentPostprocessing = 0;
		};
/* End PBXResourcesBuildPhase section */

/* Begin PBXShellScriptBuildPhase section */
		EEC3D7F310992E2300F375A1 /* Generate Localizable Strings  */ = {
			isa = PBXShellScriptBuildPhase;
			buildActionMask = 12;
			files = (
			);
			inputPaths = (
			);
			name = "Generate Localizable Strings ";
			outputPaths = (
			);
			runOnlyForDeploymentPostprocessing = 0;
			shellPath = /bin/csh;
			shellScript = "#!/bin/csh\n\nif ($CONFIGURATION == \"Release\") then\n\techo \"Generating Standard Plugins Localizable.strings ...\"\n\tcd \"${SRCROOT}\"\n\tgenstrings -littleEndian -q -u -s LocalizedStringInTBStdPluginBundle -o Resources/English.lproj Source/*.m\nendif\n";
		};
/* End PBXShellScriptBuildPhase section */

/* Begin PBXSourcesBuildPhase section */
		8D5B49B1048680CD000E48DA /* Sources */ = {
			isa = PBXSourcesBuildPhase;
			buildActionMask = 2147483647;
			files = (
				EE9E52910FC3B08C00D0564C /* TBStdFormats.m in Sources */,
				EE9E52A60FC3CA1500D0564C /* DTB202BookPlugin.m in Sources */,
				EE9E52A90FC3CC6500D0564C /* DTB2002BookPlugin.m in Sources */,
				EE9E52AC0FC3CD1B00D0564C /* DTB2005BookPlugin.m in Sources */,
				EE9E52AF0FC3CDB400D0564C /* TBBooksharePlugin.m in Sources */,
				EE9E53050FC3DE2700D0564C /* TBNIMASPlugin.m in Sources */,
				EE3927950FC3F0C40093CBBD /* TBFileUtils.m in Sources */,
				EECDD40D0FCBD56A00C0EDDC /* TBControlDoc.m in Sources */,
				EECDD40E0FCBD56A00C0EDDC /* TBNCCDocument.m in Sources */,
				EECDD40F0FCBD56A00C0EDDC /* TBNCXDocument.m in Sources */,
				EECDD4100FCBD56A00C0EDDC /* TBOPFDocument.m in Sources */,
				EECDD4180FCBD5D700C0EDDC /* TBPackageDoc.m in Sources */,
				EE1ACD260FD3910000F88F96 /* TBOPFNimasDocument.m in Sources */,
				EE121F7D0FE0D2CB000F8447 /* BBSAudioSegment.m in Sources */,
				EE121F840FE0D6E5000F8447 /* TBSMILDocument.m in Sources */,
				EE3172CF0FE0D9B100B27804 /* NSString-TBAdditions.m in Sources */,
				EEFC92971042A67B000D9864 /* NSXMLNode-TBAdditions.m in Sources */,
				EE3172EE0FE0DC0E00B27804 /* RegexKitLite.m in Sources */,
				EE3174C10FE0E1E100B27804 /* TBNavigationController.m in Sources */,
				EEB7A3A50FE5D52200662B04 /* TBStdInfoViewItem.m in Sources */,
				EEB7A3DD0FE5EC0D00662B04 /* TBStdInfoView.m in Sources */,
				EEEE9C8F0FF7591D001822EA /* TBStdTextView.m in Sources */,
				EE54A0D10FFD859100C55D6F /* TBTextOnlyNavigationController.m in Sources */,
				EE247B57100AD5B300C51EC5 /* TBTextContentDoc.m in Sources */,
				EEE1C551101EB3EF00E217DD /* TBSpeechController.m in Sources */,
				EEB66B1C104374BB003378BB /* TBBookshareNavigationController.m in Sources */,
				EEB66B29104386F6003378BB /* TBBookshareTextContentDoc.m in Sources */,
			);
			runOnlyForDeploymentPostprocessing = 0;
		};
/* End PBXSourcesBuildPhase section */

/* Begin PBXTargetDependency section */
		EE886BBF108C675C003FAF1D /* PBXTargetDependency */ = {
			isa = PBXTargetDependency;
			name = TalkingBook;
			targetProxy = EE886BBE108C675C003FAF1D /* PBXContainerItemProxy */;
		};
/* End PBXTargetDependency section */

/* Begin PBXVariantGroup section */
		EE2768920FF875FD00C3DB1C /* NoTextContent.html */ = {
			isa = PBXVariantGroup;
			children = (
				EE2768930FF875FD00C3DB1C /* English */,
			);
			name = NoTextContent.html;
			sourceTree = "<group>";
		};
		EE8BA9491001980A000E242F /* Localizable.strings */ = {
			isa = PBXVariantGroup;
			children = (
				EE8BA947100197EB000E242F /* English */,
			);
			name = Localizable.strings;
			sourceTree = "<group>";
		};
		EEBF2DF10FE62426004D5771 /* TextView.xib */ = {
			isa = PBXVariantGroup;
			children = (
				EEB7A38B0FE5D3C800662B04 /* English */,
			);
			name = TextView.xib;
			path = ../Resources;
			sourceTree = "<group>";
		};
		EEC3D8891099451000F375A1 /* InformationView.xib */ = {
			isa = PBXVariantGroup;
			children = (
				EEB7A3890FE5D3A800662B04 /* English */,
			);
			name = InformationView.xib;
			sourceTree = "<group>";
		};
		EEED048B0FF9DEFA00838EBC /* ErrorLoadingTextContent.html */ = {
			isa = PBXVariantGroup;
			children = (
				EEED048C0FF9DEFA00838EBC /* English */,
			);
			name = ErrorLoadingTextContent.html;
			sourceTree = "<group>";
		};
/* End PBXVariantGroup section */

/* Begin XCBuildConfiguration section */
		1DEB913B08733D840010E9CD /* Debug */ = {
			isa = XCBuildConfiguration;
			buildSettings = {
				ALWAYS_SEARCH_USER_PATHS = NO;
				COPY_PHASE_STRIP = NO;
				DEBUG_INFORMATION_FORMAT = dwarf;
				GCC_DYNAMIC_NO_PIC = NO;
				GCC_ENABLE_FIX_AND_CONTINUE = YES;
				GCC_ENABLE_OBJC_GC = unsupported;
				GCC_ENABLE_SSE3_EXTENSIONS = YES;
				GCC_ENABLE_SUPPLEMENTAL_SSE3_INSTRUCTIONS = YES;
				GCC_MODEL_TUNING = G5;
				GCC_OPTIMIZATION_LEVEL = 0;
				GCC_PRECOMPILE_PREFIX_HEADER = YES;
				GCC_PREFIX_HEADER = Source/StdDaisyFormats_Prefix.pch;
				GCC_VERSION = 4.2;
				INFOPLIST_FILE = Resources/Info.plist;
				INSTALL_PATH = "$(HOME)/Library/Bundles";
				PRODUCT_NAME = StdDaisyFormats;
				SKIP_INSTALL = NO;
				WRAPPER_EXTENSION = plugin;
			};
			name = Debug;
		};
		1DEB913C08733D840010E9CD /* Release */ = {
			isa = XCBuildConfiguration;
			buildSettings = {
				ALWAYS_SEARCH_USER_PATHS = NO;
				COPY_PHASE_STRIP = NO;
				DEBUG_INFORMATION_FORMAT = "dwarf-with-dsym";
				GCC_ENABLE_OBJC_GC = unsupported;
				GCC_ENABLE_SSE3_EXTENSIONS = YES;
				GCC_ENABLE_SUPPLEMENTAL_SSE3_INSTRUCTIONS = YES;
				GCC_GENERATE_DEBUGGING_SYMBOLS = YES;
				GCC_MODEL_TUNING = G5;
				GCC_PRECOMPILE_PREFIX_HEADER = YES;
				GCC_PREFIX_HEADER = Source/StdDaisyFormats_Prefix.pch;
				GCC_VERSION = 4.2;
				INFOPLIST_FILE = Resources/Info.plist;
				INSTALL_PATH = "$(HOME)/Library/Bundles";
				PRODUCT_NAME = StdDaisyFormats;
				WRAPPER_EXTENSION = plugin;
			};
			name = Release;
		};
		1DEB913F08733D840010E9CD /* Debug */ = {
			isa = XCBuildConfiguration;
			buildSettings = {
				APPLICATION_VERSION = 1.0;
				ARCHS = "$(NATIVE_ARCH_ACTUAL)";
				DEBUG_INFORMATION_FORMAT = dwarf;
				GCC_C_LANGUAGE_STANDARD = "compiler-default";
				GCC_ENABLE_FIX_AND_CONTINUE = YES;
				GCC_ENABLE_OBJC_GC = unsupported;
				GCC_ENABLE_SSE3_EXTENSIONS = NO;
				GCC_ENABLE_SUPPLEMENTAL_SSE3_INSTRUCTIONS = NO;
				GCC_INCREASE_PRECOMPILED_HEADER_SHARING = NO;
				GCC_MODEL_TUNING = G5;
				GCC_OPTIMIZATION_LEVEL = 0;
				GCC_PRECOMPILE_PREFIX_HEADER = YES;
				GCC_PREFIX_HEADER = Source/StdDaisyFormats_Prefix.pch;
				GCC_VERSION = "";
				GCC_WARN_64_TO_32_BIT_CONVERSION = YES;
				GCC_WARN_ABOUT_MISSING_NEWLINE = YES;
				GCC_WARN_ABOUT_RETURN_TYPE = YES;
				GCC_WARN_CHECK_SWITCH_STATEMENTS = YES;
				GCC_WARN_EFFECTIVE_CPLUSPLUS_VIOLATIONS = YES;
				GCC_WARN_HIDDEN_VIRTUAL_FUNCTIONS = YES;
				GCC_WARN_INITIALIZER_NOT_FULLY_BRACKETED = YES;
				GCC_WARN_MISSING_PARENTHESES = YES;
				GCC_WARN_MULTIPLE_DEFINITION_TYPES_FOR_SELECTOR = NO;
				GCC_WARN_NON_VIRTUAL_DESTRUCTOR = YES;
				GCC_WARN_SHADOW = YES;
				GCC_WARN_SIGN_COMPARE = YES;
				GCC_WARN_TYPECHECK_CALLS_TO_PRINTF = YES;
				GCC_WARN_UNDECLARED_SELECTOR = NO;
				GCC_WARN_UNKNOWN_PRAGMAS = YES;
				GCC_WARN_UNUSED_FUNCTION = YES;
				GCC_WARN_UNUSED_LABEL = YES;
				GCC_WARN_UNUSED_VALUE = YES;
				GCC_WARN_UNUSED_VARIABLE = YES;
				HEADER_SEARCH_PATHS = "";
				IBC_FLATTEN_NIBS = NO;
				INFOPLIST_FILE = Resources/Info.plist;
				INFOPLIST_PREPROCESS = NO;
				ONLY_ACTIVE_ARCH = YES;
				OTHER_CFLAGS = "-DDEBUG=1";
				PREBINDING = NO;
				SDKROOT = macosx10.5;
				SKIP_INSTALL = NO;
			};
			name = Debug;
		};
		1DEB914008733D840010E9CD /* Release */ = {
			isa = XCBuildConfiguration;
			buildSettings = {
				APPLICATION_VERSION = 1.0;
				ARCHS = "$(ARCHS_STANDARD_32_64_BIT)";
				DEBUG_INFORMATION_FORMAT = "dwarf-with-dsym";
				GCC_C_LANGUAGE_STANDARD = c99;
				GCC_ENABLE_OBJC_GC = unsupported;
				GCC_INCREASE_PRECOMPILED_HEADER_SHARING = NO;
				GCC_PRECOMPILE_PREFIX_HEADER = YES;
				GCC_PREFIX_HEADER = Source/StdDaisyFormats_Prefix.pch;
				GCC_VERSION = "";
				GCC_WARN_ABOUT_RETURN_TYPE = YES;
				GCC_WARN_UNUSED_VARIABLE = YES;
				HEADER_SEARCH_PATHS = "";
				IBC_FLATTEN_NIBS = NO;
				INFOPLIST_FILE = Resources/Info.plist;
				INFOPLIST_PREPROCESS = NO;
				PREBINDING = NO;
				SDKROOT = macosx10.5;
				SKIP_INSTALL = NO;
			};
			name = Release;
		};
/* End XCBuildConfiguration section */

/* Begin XCConfigurationList section */
		1DEB913A08733D840010E9CD /* Build configuration list for PBXNativeTarget "StdDaisyFormats" */ = {
			isa = XCConfigurationList;
			buildConfigurations = (
				1DEB913B08733D840010E9CD /* Debug */,
				1DEB913C08733D840010E9CD /* Release */,
			);
			defaultConfigurationIsVisible = 0;
			defaultConfigurationName = Debug;
		};
		1DEB913E08733D840010E9CD /* Build configuration list for PBXProject "StdDaisyFormats" */ = {
			isa = XCConfigurationList;
			buildConfigurations = (
				1DEB913F08733D840010E9CD /* Debug */,
				1DEB914008733D840010E9CD /* Release */,
			);
			defaultConfigurationIsVisible = 0;
			defaultConfigurationName = Debug;
		};
/* End XCConfigurationList section */
	};
	rootObject = 089C1669FE841209C02AAC07 /* Project object */;
}
